
Microsoft Visual Studio Solution File, Format Version 12.00
# Visual Studio Version 17
VisualStudioVersion = 17.8.34511.84
MinimumVisualStudioVersion = 10.0.40219.1
Project("{8BC9CEB8-8B4A-11D0-8D11-00A0C91BC942}") = "title_color_animator", "title_color_animator.vcxproj", "{305437A8-8089-4C09-AD16-18054533C42F}"
EndProject
Global
	GlobalSection(SolutionConfigurationPlatforms) = preSolution
		Debug|x64 = Debug|x64
		Debug|x86 = Debug|x86
		Release|x64 = Release|x64
		Release|x86 = Release|x86
	EndGlobalSection
	GlobalSection(ProjectConfigurationPlatforms) = postSolution
		{305437A8-8089-4C09-AD16-18054533C42F}.Debug|x64.ActiveCfg = Debug|x64
		{305437A8-8089-4C09-AD16-18054533C42F}.Debug|x64.Build.0 = Debug|x64
		{305437A8-8089-4C09-AD16-18054533C42F}.Debug|x86.ActiveCfg = Debug|Win32
		{305437A8-8089-4C09-AD16-18054533C42F}.Debug|x86.Build.0 = Debug|Win32
		{305437A8-8089-4C09-AD16-18054533C42F}.Release|x64.ActiveCfg = Release|x64
		{305437A8-8089-4C09-AD16-18054533C42F}.Release|x64.Build.0 = Release|x64
		{305437A8-8089-4C09-AD16-18054533C42F}.Release|x86.ActiveCfg = Release|Win32
		{305437A8-8089-4C09-AD16-18054533C42F}.Release|x86.Build.0 = Release|Win32
	EndGlobalSection
	GlobalSection(SolutionProperties) = preSolution
		HideSolutionNode = FALSE
	EndGlobalSection
	GlobalSection(ExtensibilityGlobals) = postSolution
		SolutionGuid = {1A1EF787-3759-4DE2-B707-9EFD00408C10}
	EndGlobalSection
EndGlobal
